{
  "name": "记账系统",
  "lockfileVersion": 3,
  "requires": true,
  "packages": {
    "": {
      "devDependencies": {
        "codebuddy": "^1.0.0"
      }
    },
    "node_modules/codebuddy": {
      "version": "1.0.0",
      "resolved": "https://registry.npmjs.org/codebuddy/-/codebuddy-1.0.0.tgz",
      "integrity": "sha512-2TQOpMxpCAMjb9NZc2X+HiR395eGPMFqey7yy9bm60DjeKYh0M8M5aNbKOJdaC6Ek7cmk93IdluF7WmSvxAOxA==",
      "dev": true,
      "license": "MIT",
      "bin": {
        "codebuddy": "index.js"
      },
      "engines": {
        "node": ">=14.0.0"
      }
    }
  }
}
